
Microsoft Visual Studio Solution File, Format Version 12.00
# Visual Studio 15
VisualStudioVersion = 15.0.26430.16
MinimumVisualStudioVersion = 10.0.40219.1
Project("{8BC9CEB8-8B4A-11D0-8D11-00A0C91BC942}") = "Chapter 4 Direct3D Initialization", "Chapter 4 Direct3D Initialization\Chapter 4 Direct3D Initialization.vcxproj", "{73E3E523-13AD-48A9-92F5-4725C527AC4E}"
EndProject
Project("{8BC9CEB8-8B4A-11D0-8D11-00A0C91BC942}") = "Chapter 6 Drawing in Direct3D-Box Demo", "Chapter 6 Drawing in Direct3D-Box Demo\Chapter 6 Drawing in Direct3D-Box Demo.vcxproj", "{8B27E61D-FA9D-4183-A661-E9B00118C209}"
EndProject
Project("{8BC9CEB8-8B4A-11D0-8D11-00A0C91BC942}") = "Chapter 6 Drawing in Direct3D-Hills Demo", "Chapter 6 Drawing in Direct3D-Hills Demo\Chapter 6 Drawing in Direct3D-Hills Demo.vcxproj", "{F994903D-6033-466E-A3AF-909039EE5629}"
EndProject
Project("{8BC9CEB8-8B4A-11D0-8D11-00A0C91BC942}") = "Chapter 6 Drawing in Direct3D-Shapes Demo", "Chapter 6 Drawing in Direct3D-Shapes Demo\Chapter 6 Drawing in Direct3D-Shapes Demo.vcxproj", "{54EF01BF-3EE5-4D24-9B8A-7ADCA8EF2A25}"
EndProject
Project("{8BC9CEB8-8B4A-11D0-8D11-00A0C91BC942}") = "Chapter 6 Drawing in Direct3D-Skull Demo", "Chapter 6 Drawing in Direct3D-Skull Demo\Chapter 6 Drawing in Direct3D-Skull Demo.vcxproj", "{42CCAE18-5190-4E54-9F0C-2661592A70E0}"
EndProject
Project("{8BC9CEB8-8B4A-11D0-8D11-00A0C91BC942}") = "Chapter 6 Drawing in Direct3D-Waves Demo", "Chapter 6 Drawing in Direct3D-Waves Demo\Chapter 6 Drawing in Direct3D-Waves Demo.vcxproj", "{11E07766-036D-4BC9-8427-4951D8A9D0B6}"
EndProject
Project("{8BC9CEB8-8B4A-11D0-8D11-00A0C91BC942}") = "Chapter 7 Lighting", "Chapter 7 Lighting\Chapter 7 Lightning.vcxproj", "{27E3A252-57B2-4A66-892D-98A1793B3CB3}"
EndProject
Project("{8BC9CEB8-8B4A-11D0-8D11-00A0C91BC942}") = "Chapter 7 LitSkull", "Chapter 7 LitSkull\Chapter 7 LitSkull.vcxproj", "{C63E6127-0C72-4FEC-A71B-8C5C7D4C2B30}"
EndProject
Project("{8BC9CEB8-8B4A-11D0-8D11-00A0C91BC942}") = "Chapter 8 Texturing-Crate", "Chapter 8 Texturing-Crate\Chapter 8 Texturing-Crate.vcxproj", "{01115DB4-E524-4A5B-8911-C5E6B1DAE9B5}"
EndProject
Project("{8BC9CEB8-8B4A-11D0-8D11-00A0C91BC942}") = "Chapter 8 Texturing- Textured Hills and Waves", "Chapter 8 Texturing- Textured Hills and Waves\Chapter 8 Texturing- Textured Hills and Waves.vcxproj", "{29D38F29-F5FB-4054-B573-557A17A0C2E4}"
EndProject
Project("{8BC9CEB8-8B4A-11D0-8D11-00A0C91BC942}") = "Chapter 9 Blending-Blend Demo", "Chapter 9 Blending-Blend Demo\Chapter 9 Blending-Blend Demo.vcxproj", "{5520DCBC-D8F8-4F36-A0AE-30A37B67D2FC}"
EndProject
Project("{8BC9CEB8-8B4A-11D0-8D11-00A0C91BC942}") = "Chapter 10 Stenciling- Mirror Demo", "Chapter 10 Stenciling- Mirror Demo\Chapter 10 Stenciling- Mirror Demo.vcxproj", "{8C092E57-35AB-478E-8D2D-40FCD8BFBCD5}"
EndProject
Project("{8BC9CEB8-8B4A-11D0-8D11-00A0C91BC942}") = "Chapter 11 Geometry Shader- Tree Billboard Demo", "Chapter 11 Geometry Shader- Tree Billboard Demo\Chapter 11 Geometry Shader- Tree Billboard Demo.vcxproj", "{27B2C18F-1120-40FC-A449-E463B83BACAD}"
EndProject
Project("{8BC9CEB8-8B4A-11D0-8D11-00A0C91BC942}") = "Chapter 12 The Compute Shader-Vector Adding Demo", "Chapter 12 The Compute Shader-Vector Adding Demo\Chapter 12 The Compute Shader-Vector Adding Demo.vcxproj", "{5E7B70FD-76A7-4121-8513-93CE206699F7}"
EndProject
Project("{8BC9CEB8-8B4A-11D0-8D11-00A0C91BC942}") = "Chapter 12 The Compute Shader-Blur Demo", "Chapter 12 The Compute Shader-Blur Demo\Chapter 12 The Compute Shader-Blur Demo.vcxproj", "{F8278604-B0AC-4E8E-A7F6-9E542A64A033}"
EndProject
Project("{8BC9CEB8-8B4A-11D0-8D11-00A0C91BC942}") = "Chapter 13-The Tessellation Stage-Basic", "Chapter 13-The Tessellation Stage-Basic\Chapter 13-The Tessellation Stage-Basic.vcxproj", "{3114F929-DEBE-4EED-865C-B02222920AB6}"
EndProject
Project("{8BC9CEB8-8B4A-11D0-8D11-00A0C91BC942}") = "Chapter 13-The Tessellation Stage-Bezier", "Chapter 13-The Tessellation Stage-Bezier\Chapter 13-The Tessellation Stage-Bezier.vcxproj", "{DB9AE3F5-6507-4AB8-ADFC-8E3439F9D113}"
EndProject
Global
	GlobalSection(SolutionConfigurationPlatforms) = preSolution
		Debug|x64 = Debug|x64
		Debug|x86 = Debug|x86
		Release|x64 = Release|x64
		Release|x86 = Release|x86
	EndGlobalSection
	GlobalSection(ProjectConfigurationPlatforms) = postSolution
		{73E3E523-13AD-48A9-92F5-4725C527AC4E}.Debug|x64.ActiveCfg = Debug|x64
		{73E3E523-13AD-48A9-92F5-4725C527AC4E}.Debug|x64.Build.0 = Debug|x64
		{73E3E523-13AD-48A9-92F5-4725C527AC4E}.Debug|x86.ActiveCfg = Debug|Win32
		{73E3E523-13AD-48A9-92F5-4725C527AC4E}.Debug|x86.Build.0 = Debug|Win32
		{73E3E523-13AD-48A9-92F5-4725C527AC4E}.Release|x64.ActiveCfg = Release|x64
		{73E3E523-13AD-48A9-92F5-4725C527AC4E}.Release|x64.Build.0 = Release|x64
		{73E3E523-13AD-48A9-92F5-4725C527AC4E}.Release|x86.ActiveCfg = Release|Win32
		{73E3E523-13AD-48A9-92F5-4725C527AC4E}.Release|x86.Build.0 = Release|Win32
		{8B27E61D-FA9D-4183-A661-E9B00118C209}.Debug|x64.ActiveCfg = Debug|x64
		{8B27E61D-FA9D-4183-A661-E9B00118C209}.Debug|x64.Build.0 = Debug|x64
		{8B27E61D-FA9D-4183-A661-E9B00118C209}.Debug|x86.ActiveCfg = Debug|Win32
		{8B27E61D-FA9D-4183-A661-E9B00118C209}.Debug|x86.Build.0 = Debug|Win32
		{8B27E61D-FA9D-4183-A661-E9B00118C209}.Release|x64.ActiveCfg = Release|x64
		{8B27E61D-FA9D-4183-A661-E9B00118C209}.Release|x64.Build.0 = Release|x64
		{8B27E61D-FA9D-4183-A661-E9B00118C209}.Release|x86.ActiveCfg = Release|Win32
		{8B27E61D-FA9D-4183-A661-E9B00118C209}.Release|x86.Build.0 = Release|Win32
		{F994903D-6033-466E-A3AF-909039EE5629}.Debug|x64.ActiveCfg = Debug|x64
		{F994903D-6033-466E-A3AF-909039EE5629}.Debug|x64.Build.0 = Debug|x64
		{F994903D-6033-466E-A3AF-909039EE5629}.Debug|x86.ActiveCfg = Debug|Win32
		{F994903D-6033-466E-A3AF-909039EE5629}.Debug|x86.Build.0 = Debug|Win32
		{F994903D-6033-466E-A3AF-909039EE5629}.Release|x64.ActiveCfg = Release|x64
		{F994903D-6033-466E-A3AF-909039EE5629}.Release|x64.Build.0 = Release|x64
		{F994903D-6033-466E-A3AF-909039EE5629}.Release|x86.ActiveCfg = Release|Win32
		{F994903D-6033-466E-A3AF-909039EE5629}.Release|x86.Build.0 = Release|Win32
		{54EF01BF-3EE5-4D24-9B8A-7ADCA8EF2A25}.Debug|x64.ActiveCfg = Debug|x64
		{54EF01BF-3EE5-4D24-9B8A-7ADCA8EF2A25}.Debug|x64.Build.0 = Debug|x64
		{54EF01BF-3EE5-4D24-9B8A-7ADCA8EF2A25}.Debug|x86.ActiveCfg = Debug|Win32
		{54EF01BF-3EE5-4D24-9B8A-7ADCA8EF2A25}.Debug|x86.Build.0 = Debug|Win32
		{54EF01BF-3EE5-4D24-9B8A-7ADCA8EF2A25}.Release|x64.ActiveCfg = Release|x64
		{54EF01BF-3EE5-4D24-9B8A-7ADCA8EF2A25}.Release|x64.Build.0 = Release|x64
		{54EF01BF-3EE5-4D24-9B8A-7ADCA8EF2A25}.Release|x86.ActiveCfg = Release|Win32
		{54EF01BF-3EE5-4D24-9B8A-7ADCA8EF2A25}.Release|x86.Build.0 = Release|Win32
		{42CCAE18-5190-4E54-9F0C-2661592A70E0}.Debug|x64.ActiveCfg = Debug|x64
		{42CCAE18-5190-4E54-9F0C-2661592A70E0}.Debug|x64.Build.0 = Debug|x64
		{42CCAE18-5190-4E54-9F0C-2661592A70E0}.Debug|x86.ActiveCfg = Debug|Win32
		{42CCAE18-5190-4E54-9F0C-2661592A70E0}.Debug|x86.Build.0 = Debug|Win32
		{42CCAE18-5190-4E54-9F0C-2661592A70E0}.Release|x64.ActiveCfg = Release|x64
		{42CCAE18-5190-4E54-9F0C-2661592A70E0}.Release|x64.Build.0 = Release|x64
		{42CCAE18-5190-4E54-9F0C-2661592A70E0}.Release|x86.ActiveCfg = Release|Win32
		{42CCAE18-5190-4E54-9F0C-2661592A70E0}.Release|x86.Build.0 = Release|Win32
		{11E07766-036D-4BC9-8427-4951D8A9D0B6}.Debug|x64.ActiveCfg = Debug|x64
		{11E07766-036D-4BC9-8427-4951D8A9D0B6}.Debug|x64.Build.0 = Debug|x64
		{11E07766-036D-4BC9-8427-4951D8A9D0B6}.Debug|x86.ActiveCfg = Debug|Win32
		{11E07766-036D-4BC9-8427-4951D8A9D0B6}.Debug|x86.Build.0 = Debug|Win32
		{11E07766-036D-4BC9-8427-4951D8A9D0B6}.Release|x64.ActiveCfg = Release|x64
		{11E07766-036D-4BC9-8427-4951D8A9D0B6}.Release|x64.Build.0 = Release|x64
		{11E07766-036D-4BC9-8427-4951D8A9D0B6}.Release|x86.ActiveCfg = Release|Win32
		{11E07766-036D-4BC9-8427-4951D8A9D0B6}.Release|x86.Build.0 = Release|Win32
		{27E3A252-57B2-4A66-892D-98A1793B3CB3}.Debug|x64.ActiveCfg = Debug|x64
		{27E3A252-57B2-4A66-892D-98A1793B3CB3}.Debug|x64.Build.0 = Debug|x64
		{27E3A252-57B2-4A66-892D-98A1793B3CB3}.Debug|x86.ActiveCfg = Debug|Win32
		{27E3A252-57B2-4A66-892D-98A1793B3CB3}.Debug|x86.Build.0 = Debug|Win32
		{27E3A252-57B2-4A66-892D-98A1793B3CB3}.Release|x64.ActiveCfg = Release|x64
		{27E3A252-57B2-4A66-892D-98A1793B3CB3}.Release|x64.Build.0 = Release|x64
		{27E3A252-57B2-4A66-892D-98A1793B3CB3}.Release|x86.ActiveCfg = Release|Win32
		{27E3A252-57B2-4A66-892D-98A1793B3CB3}.Release|x86.Build.0 = Release|Win32
		{C63E6127-0C72-4FEC-A71B-8C5C7D4C2B30}.Debug|x64.ActiveCfg = Debug|x64
		{C63E6127-0C72-4FEC-A71B-8C5C7D4C2B30}.Debug|x64.Build.0 = Debug|x64
		{C63E6127-0C72-4FEC-A71B-8C5C7D4C2B30}.Debug|x86.ActiveCfg = Debug|Win32
		{C63E6127-0C72-4FEC-A71B-8C5C7D4C2B30}.Debug|x86.Build.0 = Debug|Win32
		{C63E6127-0C72-4FEC-A71B-8C5C7D4C2B30}.Release|x64.ActiveCfg = Release|x64
		{C63E6127-0C72-4FEC-A71B-8C5C7D4C2B30}.Release|x64.Build.0 = Release|x64
		{C63E6127-0C72-4FEC-A71B-8C5C7D4C2B30}.Release|x86.ActiveCfg = Release|Win32
		{C63E6127-0C72-4FEC-A71B-8C5C7D4C2B30}.Release|x86.Build.0 = Release|Win32
		{01115DB4-E524-4A5B-8911-C5E6B1DAE9B5}.Debug|x64.ActiveCfg = Debug|x64
		{01115DB4-E524-4A5B-8911-C5E6B1DAE9B5}.Debug|x64.Build.0 = Debug|x64
		{01115DB4-E524-4A5B-8911-C5E6B1DAE9B5}.Debug|x86.ActiveCfg = Debug|Win32
		{01115DB4-E524-4A5B-8911-C5E6B1DAE9B5}.Debug|x86.Build.0 = Debug|Win32
		{01115DB4-E524-4A5B-8911-C5E6B1DAE9B5}.Release|x64.ActiveCfg = Release|x64
		{01115DB4-E524-4A5B-8911-C5E6B1DAE9B5}.Release|x64.Build.0 = Release|x64
		{01115DB4-E524-4A5B-8911-C5E6B1DAE9B5}.Release|x86.ActiveCfg = Release|Win32
		{01115DB4-E524-4A5B-8911-C5E6B1DAE9B5}.Release|x86.Build.0 = Release|Win32
		{29D38F29-F5FB-4054-B573-557A17A0C2E4}.Debug|x64.ActiveCfg = Debug|x64
		{29D38F29-F5FB-4054-B573-557A17A0C2E4}.Debug|x64.Build.0 = Debug|x64
		{29D38F29-F5FB-4054-B573-557A17A0C2E4}.Debug|x86.ActiveCfg = Debug|Win32
		{29D38F29-F5FB-4054-B573-557A17A0C2E4}.Debug|x86.Build.0 = Debug|Win32
		{29D38F29-F5FB-4054-B573-557A17A0C2E4}.Release|x64.ActiveCfg = Release|x64
		{29D38F29-F5FB-4054-B573-557A17A0C2E4}.Release|x64.Build.0 = Release|x64
		{29D38F29-F5FB-4054-B573-557A17A0C2E4}.Release|x86.ActiveCfg = Release|Win32
		{29D38F29-F5FB-4054-B573-557A17A0C2E4}.Release|x86.Build.0 = Release|Win32
		{5520DCBC-D8F8-4F36-A0AE-30A37B67D2FC}.Debug|x64.ActiveCfg = Debug|x64
		{5520DCBC-D8F8-4F36-A0AE-30A37B67D2FC}.Debug|x64.Build.0 = Debug|x64
		{5520DCBC-D8F8-4F36-A0AE-30A37B67D2FC}.Debug|x86.ActiveCfg = Debug|Win32
		{5520DCBC-D8F8-4F36-A0AE-30A37B67D2FC}.Debug|x86.Build.0 = Debug|Win32
		{5520DCBC-D8F8-4F36-A0AE-30A37B67D2FC}.Release|x64.ActiveCfg = Release|x64
		{5520DCBC-D8F8-4F36-A0AE-30A37B67D2FC}.Release|x64.Build.0 = Release|x64
		{5520DCBC-D8F8-4F36-A0AE-30A37B67D2FC}.Release|x86.ActiveCfg = Release|Win32
		{5520DCBC-D8F8-4F36-A0AE-30A37B67D2FC}.Release|x86.Build.0 = Release|Win32
		{8C092E57-35AB-478E-8D2D-40FCD8BFBCD5}.Debug|x64.ActiveCfg = Debug|x64
		{8C092E57-35AB-478E-8D2D-40FCD8BFBCD5}.Debug|x64.Build.0 = Debug|x64
		{8C092E57-35AB-478E-8D2D-40FCD8BFBCD5}.Debug|x86.ActiveCfg = Debug|Win32
		{8C092E57-35AB-478E-8D2D-40FCD8BFBCD5}.Debug|x86.Build.0 = Debug|Win32
		{8C092E57-35AB-478E-8D2D-40FCD8BFBCD5}.Release|x64.ActiveCfg = Release|x64
		{8C092E57-35AB-478E-8D2D-40FCD8BFBCD5}.Release|x64.Build.0 = Release|x64
		{8C092E57-35AB-478E-8D2D-40FCD8BFBCD5}.Release|x86.ActiveCfg = Release|Win32
		{8C092E57-35AB-478E-8D2D-40FCD8BFBCD5}.Release|x86.Build.0 = Release|Win32
		{27B2C18F-1120-40FC-A449-E463B83BACAD}.Debug|x64.ActiveCfg = Debug|x64
		{27B2C18F-1120-40FC-A449-E463B83BACAD}.Debug|x64.Build.0 = Debug|x64
		{27B2C18F-1120-40FC-A449-E463B83BACAD}.Debug|x86.ActiveCfg = Debug|Win32
		{27B2C18F-1120-40FC-A449-E463B83BACAD}.Debug|x86.Build.0 = Debug|Win32
		{27B2C18F-1120-40FC-A449-E463B83BACAD}.Release|x64.ActiveCfg = Release|x64
		{27B2C18F-1120-40FC-A449-E463B83BACAD}.Release|x64.Build.0 = Release|x64
		{27B2C18F-1120-40FC-A449-E463B83BACAD}.Release|x86.ActiveCfg = Release|Win32
		{27B2C18F-1120-40FC-A449-E463B83BACAD}.Release|x86.Build.0 = Release|Win32
		{5E7B70FD-76A7-4121-8513-93CE206699F7}.Debug|x64.ActiveCfg = Debug|x64
		{5E7B70FD-76A7-4121-8513-93CE206699F7}.Debug|x64.Build.0 = Debug|x64
		{5E7B70FD-76A7-4121-8513-93CE206699F7}.Debug|x86.ActiveCfg = Debug|Win32
		{5E7B70FD-76A7-4121-8513-93CE206699F7}.Debug|x86.Build.0 = Debug|Win32
		{5E7B70FD-76A7-4121-8513-93CE206699F7}.Release|x64.ActiveCfg = Release|x64
		{5E7B70FD-76A7-4121-8513-93CE206699F7}.Release|x64.Build.0 = Release|x64
		{5E7B70FD-76A7-4121-8513-93CE206699F7}.Release|x86.ActiveCfg = Release|Win32
		{5E7B70FD-76A7-4121-8513-93CE206699F7}.Release|x86.Build.0 = Release|Win32
		{F8278604-B0AC-4E8E-A7F6-9E542A64A033}.Debug|x64.ActiveCfg = Debug|x64
		{F8278604-B0AC-4E8E-A7F6-9E542A64A033}.Debug|x64.Build.0 = Debug|x64
		{F8278604-B0AC-4E8E-A7F6-9E542A64A033}.Debug|x86.ActiveCfg = Debug|Win32
		{F8278604-B0AC-4E8E-A7F6-9E542A64A033}.Debug|x86.Build.0 = Debug|Win32
		{F8278604-B0AC-4E8E-A7F6-9E542A64A033}.Release|x64.ActiveCfg = Release|x64
		{F8278604-B0AC-4E8E-A7F6-9E542A64A033}.Release|x64.Build.0 = Release|x64
		{F8278604-B0AC-4E8E-A7F6-9E542A64A033}.Release|x86.ActiveCfg = Release|Win32
		{F8278604-B0AC-4E8E-A7F6-9E542A64A033}.Release|x86.Build.0 = Release|Win32
		{3114F929-DEBE-4EED-865C-B02222920AB6}.Debug|x64.ActiveCfg = Debug|x64
		{3114F929-DEBE-4EED-865C-B02222920AB6}.Debug|x64.Build.0 = Debug|x64
		{3114F929-DEBE-4EED-865C-B02222920AB6}.Debug|x86.ActiveCfg = Debug|Win32
		{3114F929-DEBE-4EED-865C-B02222920AB6}.Debug|x86.Build.0 = Debug|Win32
		{3114F929-DEBE-4EED-865C-B02222920AB6}.Release|x64.ActiveCfg = Release|x64
		{3114F929-DEBE-4EED-865C-B02222920AB6}.Release|x64.Build.0 = Release|x64
		{3114F929-DEBE-4EED-865C-B02222920AB6}.Release|x86.ActiveCfg = Release|Win32
		{3114F929-DEBE-4EED-865C-B02222920AB6}.Release|x86.Build.0 = Release|Win32
		{DB9AE3F5-6507-4AB8-ADFC-8E3439F9D113}.Debug|x64.ActiveCfg = Debug|x64
		{DB9AE3F5-6507-4AB8-ADFC-8E3439F9D113}.Debug|x64.Build.0 = Debug|x64
		{DB9AE3F5-6507-4AB8-ADFC-8E3439F9D113}.Debug|x86.ActiveCfg = Debug|Win32
		{DB9AE3F5-6507-4AB8-ADFC-8E3439F9D113}.Debug|x86.Build.0 = Debug|Win32
		{DB9AE3F5-6507-4AB8-ADFC-8E3439F9D113}.Release|x64.ActiveCfg = Release|x64
		{DB9AE3F5-6507-4AB8-ADFC-8E3439F9D113}.Release|x64.Build.0 = Release|x64
		{DB9AE3F5-6507-4AB8-ADFC-8E3439F9D113}.Release|x86.ActiveCfg = Release|Win32
		{DB9AE3F5-6507-4AB8-ADFC-8E3439F9D113}.Release|x86.Build.0 = Release|Win32
	EndGlobalSection
	GlobalSection(SolutionProperties) = preSolution
		HideSolutionNode = FALSE
	EndGlobalSection
EndGlobal
